// !$*UTF8*$!
{
	archiveVersion = 1;
	classes = {
	};
	objectVersion = 50;
	objects = {

/* Begin PBXBuildFile section */
		F8742CB323F4112D00805301 /* AppDelegate.swift in Sources */ = {isa = PBXBuildFile; fileRef = F8742CB223F4112D00805301 /* AppDelegate.swift */; };
		F8742CB523F4112D00805301 /* SceneDelegate.swift in Sources */ = {isa = PBXBuildFile; fileRef = F8742CB423F4112D00805301 /* SceneDelegate.swift */; };
		F8742CB723F4112D00805301 /* ViewController.swift in Sources */ = {isa = PBXBuildFile; fileRef = F8742CB623F4112D00805301 /* ViewController.swift */; };
		F8742CBA23F4112D00805301 /* Main.storyboard in Resources */ = {isa = PBXBuildFile; fileRef = F8742CB823F4112D00805301 /* Main.storyboard */; };
		F8742CBC23F4112F00805301 /* Assets.xcassets in Resources */ = {isa = PBXBuildFile; fileRef = F8742CBB23F4112F00805301 /* Assets.xcassets */; };
		F8742CBF23F4112F00805301 /* LaunchScreen.storyboard in Resources */ = {isa = PBXBuildFile; fileRef = F8742CBD23F4112F00805301 /* LaunchScreen.storyboard */; };
		F8742CCA23F4113000805301 /* PersonalProjectTests.swift in Sources */ = {isa = PBXBuildFile; fileRef = F8742CC923F4113000805301 /* PersonalProjectTests.swift */; };
		F8742CD523F4113000805301 /* PersonalProjectUITests.swift in Sources */ = {isa = PBXBuildFile; fileRef = F8742CD423F4113000805301 /* PersonalProjectUITests.swift */; };
/* End PBXBuildFile section */

/* Begin PBXContainerItemProxy section */
		F8742CC623F4113000805301 /* PBXContainerItemProxy */ = {
			isa = PBXContainerItemProxy;
			containerPortal = F8742CA723F4112D00805301 /* Project object */;
			proxyType = 1;
			remoteGlobalIDString = F8742CAE23F4112D00805301;
			remoteInfo = PersonalProject;
		};
		F8742CD123F4113000805301 /* PBXContainerItemProxy */ = {
			isa = PBXContainerItemProxy;
			containerPortal = F8742CA723F4112D00805301 /* Project object */;
			proxyType = 1;
			remoteGlobalIDString = F8742CAE23F4112D00805301;
			remoteInfo = PersonalProject;
		};
/* End PBXContainerItemProxy section */

/* Begin PBXFileReference section */
		F8742CAF23F4112D00805301 /* PersonalProject.app */ = {isa = PBXFileReference; explicitFileType = wrapper.application; includeInIndex = 0; path = PersonalProject.app; sourceTree = BUILT_PRODUCTS_DIR; };
		F8742CB223F4112D00805301 /* AppDelegate.swift */ = {isa = PBXFileReference; lastKnownFileType = sourcecode.swift; path = AppDelegate.swift; sourceTree = "<group>"; };
		F8742CB423F4112D00805301 /* SceneDelegate.swift */ = {isa = PBXFileReference; lastKnownFileType = sourcecode.swift; path = SceneDelegate.swift; sourceTree = "<group>"; };
		F8742CB623F4112D00805301 /* ViewController.swift */ = {isa = PBXFileReference; lastKnownFileType = sourcecode.swift; path = ViewController.swift; sourceTree = "<group>"; };
		F8742CB923F4112D00805301 /* Base */ = {isa = PBXFileReference; lastKnownFileType = file.storyboard; name = Base; path = Base.lproj/Main.storyboard; sourceTree = "<group>"; };
		F8742CBB23F4112F00805301 /* Assets.xcassets */ = {isa = PBXFileReference; lastKnownFileType = folder.assetcatalog; path = Assets.xcassets; sourceTree = "<group>"; };
		F8742CBE23F4112F00805301 /* Base */ = {isa = PBXFileReference; lastKnownFileType = file.storyboard; name = Base; path = Base.lproj/LaunchScreen.storyboard; sourceTree = "<group>"; };
		F8742CC023F4112F00805301 /* Info.plist */ = {isa = PBXFileReference; lastKnownFileType = text.plist.xml; path = Info.plist; sourceTree = "<group>"; };
		F8742CC523F4113000805301 /* PersonalProjectTests.xctest */ = {isa = PBXFileReference; explicitFileType = wrapper.cfbundle; includeInIndex = 0; path = PersonalProjectTests.xctest; sourceTree = BUILT_PRODUCTS_DIR; };
		F8742CC923F4113000805301 /* PersonalProjectTests.swift */ = {isa = PBXFileReference; lastKnownFileType = sourcecode.swift; path = PersonalProjectTests.swift; sourceTree = "<group>"; };
		F8742CCB23F4113000805301 /* Info.plist */ = {isa = PBXFileReference; lastKnownFileType = text.plist.xml; path = Info.plist; sourceTree = "<group>"; };
		F8742CD023F4113000805301 /* PersonalProjectUITests.xctest */ = {isa = PBXFileReference; explicitFileType = wrapper.cfbundle; includeInIndex = 0; path = PersonalProjectUITests.xctest; sourceTree = BUILT_PRODUCTS_DIR; };
		F8742CD423F4113000805301 /* PersonalProjectUITests.swift */ = {isa = PBXFileReference; lastKnownFileType = sourcecode.swift; path = PersonalProjectUITests.swift; sourceTree = "<group>"; };
		F8742CD623F4113000805301 /* Info.plist */ = {isa = PBXFileReference; lastKnownFileType = text.plist.xml; path = Info.plist; sourceTree = "<group>"; };
/* End PBXFileReference section */

/* Begin PBXFrameworksBuildPhase section */
		F8742CAC23F4112D00805301 /* Frameworks */ = {
			isa = PBXFrameworksBuildPhase;
			buildActionMask = 2147483647;
			files = (
			);
			runOnlyForDeploymentPostprocessing = 0;
		};
		F8742CC223F4113000805301 /* Frameworks */ = {
			isa = PBXFrameworksBuildPhase;
			buildActionMask = 2147483647;
			files = (
			);
			runOnlyForDeploymentPostprocessing = 0;
		};
		F8742CCD23F4113000805301 /* Frameworks */ = {
			isa = PBXFrameworksBuildPhase;
			buildActionMask = 2147483647;
			files = (
			);
			runOnlyForDeploymentPostprocessing = 0;
		};
/* End PBXFrameworksBuildPhase section */

/* Begin PBXGroup section */
		F8742CA623F4112D00805301 = {
			isa = PBXGroup;
			children = (
				F8742CB123F4112D00805301 /* PersonalProject */,
				F8742CC823F4113000805301 /* PersonalProjectTests */,
				F8742CD323F4113000805301 /* PersonalProjectUITests */,
				F8742CB023F4112D00805301 /* Products */,
			);
			sourceTree = "<group>";
		};
		F8742CB023F4112D00805301 /* Products */ = {
			isa = PBXGroup;
			children = (
				F8742CAF23F4112D00805301 /* PersonalProject.app */,
				F8742CC523F4113000805301 /* PersonalProjectTests.xctest */,
				F8742CD023F4113000805301 /* PersonalProjectUITests.xctest */,
			);
			name = Products;
			sourceTree = "<group>";
		};
		F8742CB123F4112D00805301 /* PersonalProject */ = {
			isa = PBXGroup;
			children = (
				F8742CB223F4112D00805301 /* AppDelegate.swift */,
				F8742CB423F4112D00805301 /* SceneDelegate.swift */,
				F8742CB623F4112D00805301 /* ViewController.swift */,
				F8742CB823F4112D00805301 /* Main.storyboard */,
				F8742CBB23F4112F00805301 /* Assets.xcassets */,
				F8742CBD23F4112F00805301 /* LaunchScreen.storyboard */,
				F8742CC023F4112F00805301 /* Info.plist */,
			);
			path = PersonalProject;
			sourceTree = "<group>";
		};
		F8742CC823F4113000805301 /* PersonalProjectTests */ = {
			isa = PBXGroup;
			children = (
				F8742CC923F4113000805301 /* PersonalProjectTests.swift */,
				F8742CCB23F4113000805301 /* Info.plist */,
			);
			path = PersonalProjectTests;
			sourceTree = "<group>";
		};
		F8742CD323F4113000805301 /* PersonalProjectUITests */ = {
			isa = PBXGroup;
			children = (
				F8742CD423F4113000805301 /* PersonalProjectUITests.swift */,
				F8742CD623F4113000805301 /* Info.plist */,
			);
			path = PersonalProjectUITests;
			sourceTree = "<group>";
		};
/* End PBXGroup section */

/* Begin PBXNativeTarget section */
		F8742CAE23F4112D00805301 /* PersonalProject */ = {
			isa = PBXNativeTarget;
			buildConfigurationList = F8742CD923F4113000805301 /* Build configuration list for PBXNativeTarget "PersonalProject" */;
			buildPhases = (
				F8742CAB23F4112D00805301 /* Sources */,
				F8742CAC23F4112D00805301 /* Frameworks */,
				F8742CAD23F4112D00805301 /* Resources */,
			);
			buildRules = (
			);
			dependencies = (
			);
			name = PersonalProject;
			productName = PersonalProject;
			productReference = F8742CAF23F4112D00805301 /* PersonalProject.app */;
			productType = "com.apple.product-type.application";
		};
		F8742CC423F4113000805301 /* PersonalProjectTests */ = {
			isa = PBXNativeTarget;
			buildConfigurationList = F8742CDC23F4113000805301 /* Build configuration list for PBXNativeTarget "PersonalProjectTests" */;
			buildPhases = (
				F8742CC123F4113000805301 /* Sources */,
				F8742CC223F4113000805301 /* Frameworks */,
				F8742CC323F4113000805301 /* Resources */,
			);
			buildRules = (
			);
			dependencies = (
				F8742CC723F4113000805301 /* PBXTargetDependency */,
			);
			name = PersonalProjectTests;
			productName = PersonalProjectTests;
			productReference = F8742CC523F4113000805301 /* PersonalProjectTests.xctest */;
			productType = "com.apple.product-type.bundle.unit-test";
		};
		F8742CCF23F4113000805301 /* PersonalProjectUITests */ = {
			isa = PBXNativeTarget;
			buildConfigurationList = F8742CDF23F4113000805301 /* Build configuration list for PBXNativeTarget "PersonalProjectUITests" */;
			buildPhases = (
				F8742CCC23F4113000805301 /* Sources */,
				F8742CCD23F4113000805301 /* Frameworks */,
				F8742CCE23F4113000805301 /* Resources */,
			);
			buildRules = (
			);
			dependencies = (
				F8742CD223F4113000805301 /* PBXTargetDependency */,
			);
			name = PersonalProjectUITests;
			productName = PersonalProjectUITests;
			productReference = F8742CD023F4113000805301 /* PersonalProjectUITests.xctest */;
			productType = "com.apple.product-type.bundle.ui-testing";
		};
/* End PBXNativeTarget section */

/* Begin PBXProject section */
		F8742CA723F4112D00805301 /* Project object */ = {
			isa = PBXProject;
			attributes = {
				LastSwiftUpdateCheck = 1120;
				LastUpgradeCheck = 1120;
				ORGANIZATIONNAME = "Santosh Kc";
				TargetAttributes = {
					F8742CAE23F4112D00805301 = {
						CreatedOnToolsVersion = 11.2.1;
					};
					F8742CC423F4113000805301 = {
						CreatedOnToolsVersion = 11.2.1;
						TestTargetID = F8742CAE23F4112D00805301;
					};
					F8742CCF23F4113000805301 = {
						CreatedOnToolsVersion = 11.2.1;
						TestTargetID = F8742CAE23F4112D00805301;
					};
				};
			};
			buildConfigurationList = F8742CAA23F4112D00805301 /* Build configuration list for PBXProject "PersonalProject" */;
			compatibilityVersion = "Xcode 9.3";
			developmentRegion = en;
			hasScannedForEncodings = 0;
			knownRegions = (
				en,
				Base,
			);
			mainGroup = F8742CA623F4112D00805301;
			productRefGroup = F8742CB023F4112D00805301 /* Products */;
			projectDirPath = "";
			projectRoot = "";
			targets = (
				F8742CAE23F4112D00805301 /* PersonalProject */,
				F8742CC423F4113000805301 /* PersonalProjectTests */,
				F8742CCF23F4113000805301 /* PersonalProjectUITests */,
			);
		};
/* End PBXProject section */

/* Begin PBXResourcesBuildPhase section */
		F8742CAD23F4112D00805301 /* Resources */ = {
			isa = PBXResourcesBuildPhase;
			buildActionMask = 2147483647;
			files = (
				F8742CBF23F4112F00805301 /* LaunchScreen.storyboard in Resources */,
				F8742CBC23F4112F00805301 /* Assets.xcassets in Resources */,
				F8742CBA23F4112D00805301 /* Main.storyboard in Resources */,
			);
			runOnlyForDeploymentPostprocessing = 0;
		};
		F8742CC323F4113000805301 /* Resources */ = {
			isa = PBXResourcesBuildPhase;
			buildActionMask = 2147483647;
			files = (
			);
			runOnlyForDeploymentPostprocessing = 0;
		};
		F8742CCE23F4113000805301 /* Resources */ = {
			isa = PBXResourcesBuildPhase;
			buildActionMask = 2147483647;
			files = (
			);
			runOnlyForDeploymentPostprocessing = 0;
		};
/* End PBXResourcesBuildPhase section */

/* Begin PBXSourcesBuildPhase section */
		F8742CAB23F4112D00805301 /* Sources */ = {
			isa = PBXSourcesBuildPhase;
			buildActionMask = 2147483647;
			files = (
				F8742CB723F4112D00805301 /* ViewController.swift in Sources */,
				F8742CB323F4112D00805301 /* AppDelegate.swift in Sources */,
				F8742CB523F4112D00805301 /* SceneDelegate.swift in Sources */,
			);
			runOnlyForDeploymentPostprocessing = 0;
		};
		F8742CC123F4113000805301 /* Sources */ = {
			isa = PBXSourcesBuildPhase;
			buildActionMask = 2147483647;
			files = (
				F8742CCA23F4113000805301 /* PersonalProjectTests.swift in Sources */,
			);
			runOnlyForDeploymentPostprocessing = 0;
		};
		F8742CCC23F4113000805301 /* Sources */ = {
			isa = PBXSourcesBuildPhase;
			buildActionMask = 2147483647;
			files = (
				F8742CD523F4113000805301 /* PersonalProjectUITests.swift in Sources */,
			);
			runOnlyForDeploymentPostprocessing = 0;
		};
/* End PBXSourcesBuildPhase section */

/* Begin PBXTargetDependency section */
		F8742CC723F4113000805301 /* PBXTargetDependency */ = {
			isa = PBXTargetDependency;
			target = F8742CAE23F4112D00805301 /* PersonalProject */;
			targetProxy = F8742CC623F4113000805301 /* PBXContainerItemProxy */;
		};
		F8742CD223F4113000805301 /* PBXTargetDependency */ = {
			isa = PBXTargetDependency;
			target = F8742CAE23F4112D00805301 /* PersonalProject */;
			targetProxy = F8742CD123F4113000805301 /* PBXContainerItemProxy */;
		};
/* End PBXTargetDependency section */

/* Begin PBXVariantGroup section */
		F8742CB823F4112D00805301 /* Main.storyboard */ = {
			isa = PBXVariantGroup;
			children = (
				F8742CB923F4112D00805301 /* Base */,
			);
			name = Main.storyboard;
			sourceTree = "<group>";
		};
		F8742CBD23F4112F00805301 /* LaunchScreen.storyboard */ = {
			isa = PBXVariantGroup;
			children = (
				F8742CBE23F4112F00805301 /* Base */,
			);
			name = LaunchScreen.storyboard;
			sourceTree = "<group>";
		};
/* End PBXVariantGroup section */

/* Begin XCBuildConfiguration section */
		F8742CD723F4113000805301 /* Debug */ = {
			isa = XCBuildConfiguration;
			buildSettings = {
				ALWAYS_SEARCH_USER_PATHS = NO;
				CLANG_ANALYZER_NONNULL = YES;
				CLANG_ANALYZER_NUMBER_OBJECT_CONVERSION = YES_AGGRESSIVE;
				CLANG_CXX_LANGUAGE_STANDARD = "gnu++14";
				CLANG_CXX_LIBRARY = "libc++";
				CLANG_ENABLE_MODULES = YES;
				CLANG_ENABLE_OBJC_ARC = YES;
				CLANG_ENABLE_OBJC_WEAK = YES;
				CLANG_WARN_BLOCK_CAPTURE_AUTORELEASING = YES;
				CLANG_WARN_BOOL_CONVERSION = YES;
				CLANG_WARN_COMMA = YES;
				CLANG_WARN_CONSTANT_CONVERSION = YES;
				CLANG_WARN_DEPRECATED_OBJC_IMPLEMENTATIONS = YES;
				CLANG_WARN_DIRECT_OBJC_ISA_USAGE = YES_ERROR;
				CLANG_WARN_DOCUMENTATION_COMMENTS = YES;
				CLANG_WARN_EMPTY_BODY = YES;
				CLANG_WARN_ENUM_CONVERSION = YES;
				CLANG_WARN_INFINITE_RECURSION = YES;
				CLANG_WARN_INT_CONVERSION = YES;
				CLANG_WARN_NON_LITERAL_NULL_CONVERSION = YES;
				CLANG_WARN_OBJC_IMPLICIT_RETAIN_SELF = YES;
				CLANG_WARN_OBJC_LITERAL_CONVERSION = YES;
				CLANG_WARN_OBJC_ROOT_CLASS = YES_ERROR;
				CLANG_WARN_RANGE_LOOP_ANALYSIS = YES;
				CLANG_WARN_STRICT_PROTOTYPES = YES;
				CLANG_WARN_SUSPICIOUS_MOVE = YES;
				CLANG_WARN_UNGUARDED_AVAILABILITY = YES_AGGRESSIVE;
				CLANG_WARN_UNREACHABLE_CODE = YES;
				CLANG_WARN__DUPLICATE_METHOD_MATCH = YES;
				COPY_PHASE_STRIP = NO;
				DEBUG_INFORMATION_FORMAT = dwarf;
				ENABLE_STRICT_OBJC_MSGSEND = YES;
				ENABLE_TESTABILITY = YES;
				GCC_C_LANGUAGE_STANDARD = gnu11;
				GCC_DYNAMIC_NO_PIC = NO;
				GCC_NO_COMMON_BLOCKS = YES;
				GCC_OPTIMIZATION_LEVEL = 0;
				GCC_PREPROCESSOR_DEFINITIONS = (
					"DEBUG=1",
					"$(inherited)",
				);
				GCC_WARN_64_TO_32_BIT_CONVERSION = YES;
				GCC_WARN_ABOUT_RETURN_TYPE = YES_ERROR;
				GCC_WARN_UNDECLARED_SELECTOR = YES;
				GCC_WARN_UNINITIALIZED_AUTOS = YES_AGGRESSIVE;
				GCC_WARN_UNUSED_FUNCTION = YES;
				GCC_WARN_UNUSED_VARIABLE = YES;
				IPHONEOS_DEPLOYMENT_TARGET = 13.2;
				MTL_ENABLE_DEBUG_INFO = INCLUDE_SOURCE;
				MTL_FAST_MATH = YES;
				ONLY_ACTIVE_ARCH = YES;
				SDKROOT = iphoneos;
				SWIFT_ACTIVE_COMPILATION_CONDITIONS = DEBUG;
				SWIFT_OPTIMIZATION_LEVEL = "-Onone";
			};
			name = Debug;
		};
		F8742CD823F4113000805301 /* Release */ = {
			isa = XCBuildConfiguration;
			buildSettings = {
				ALWAYS_SEARCH_USER_PATHS = NO;
				CLANG_ANALYZER_NONNULL = YES;
				CLANG_ANALYZER_NUMBER_OBJECT_CONVERSION = YES_AGGRESSIVE;
				CLANG_CXX_LANGUAGE_STANDARD = "gnu++14";
				CLANG_CXX_LIBRARY = "libc++";
				CLANG_ENABLE_MODULES = YES;
				CLANG_ENABLE_OBJC_ARC = YES;
				CLANG_ENABLE_OBJC_WEAK = YES;
				CLANG_WARN_BLOCK_CAPTURE_AUTORELEASING = YES;
				CLANG_WARN_BOOL_CONVERSION = YES;
				CLANG_WARN_COMMA = YES;
				CLANG_WARN_CONSTANT_CONVERSION = YES;
				CLANG_WARN_DEPRECATED_OBJC_IMPLEMENTATIONS = YES;
				CLANG_WARN_DIRECT_OBJC_ISA_USAGE = YES_ERROR;
				CLANG_WARN_DOCUMENTATION_COMMENTS = YES;
				CLANG_WARN_EMPTY_BODY = YES;
				CLANG_WARN_ENUM_CONVERSION = YES;
				CLANG_WARN_INFINITE_RECURSION = YES;
				CLANG_WARN_INT_CONVERSION = YES;
				CLANG_WARN_NON_LITERAL_NULL_CONVERSION = YES;
				CLANG_WARN_OBJC_IMPLICIT_RETAIN_SELF = YES;
				CLANG_WARN_OBJC_LITERAL_CONVERSION = YES;
				CLANG_WARN_OBJC_ROOT_CLASS = YES_ERROR;
				CLANG_WARN_RANGE_LOOP_ANALYSIS = YES;
				CLANG_WARN_STRICT_PROTOTYPES = YES;
				CLANG_WARN_SUSPICIOUS_MOVE = YES;
				CLANG_WARN_UNGUARDED_AVAILABILITY = YES_AGGRESSIVE;
				CLANG_WARN_UNREACHABLE_CODE = YES;
				CLANG_WARN__DUPLICATE_METHOD_MATCH = YES;
				COPY_PHASE_STRIP = NO;
				DEBUG_INFORMATION_FORMAT = "dwarf-with-dsym";
				ENABLE_NS_ASSERTIONS = NO;
				ENABLE_STRICT_OBJC_MSGSEND = YES;
				GCC_C_LANGUAGE_STANDARD = gnu11;
				GCC_NO_COMMON_BLOCKS = YES;
				GCC_WARN_64_TO_32_BIT_CONVERSION = YES;
				GCC_WARN_ABOUT_RETURN_TYPE = YES_ERROR;
				GCC_WARN_UNDECLARED_SELECTOR = YES;
				GCC_WARN_UNINITIALIZED_AUTOS = YES_AGGRESSIVE;
				GCC_WARN_UNUSED_FUNCTION = YES;
				GCC_WARN_UNUSED_VARIABLE = YES;
				IPHONEOS_DEPLOYMENT_TARGET = 13.2;
				MTL_ENABLE_DEBUG_INFO = NO;
				MTL_FAST_MATH = YES;
				SDKROOT = iphoneos;
				SWIFT_COMPILATION_MODE = wholemodule;
				SWIFT_OPTIMIZATION_LEVEL = "-O";
				VALIDATE_PRODUCT = YES;
			};
			name = Release;
		};
		F8742CDA23F4113000805301 /* Debug */ = {
			isa = XCBuildConfiguration;
			buildSettings = {
				ASSETCATALOG_COMPILER_APPICON_NAME = AppIcon;
				CODE_SIGN_STYLE = Automatic;
				DEVELOPMENT_TEAM = 69T4QJZPK2;
				INFOPLIST_FILE = PersonalProject/Info.plist;
				LD_RUNPATH_SEARCH_PATHS = (
					"$(inherited)",
					"@executable_path/Frameworks",
				);
				PRODUCT_BUNDLE_IDENTIFIER = com.santosh.PersonalProject;
				PRODUCT_NAME = "$(TARGET_NAME)";
				SWIFT_VERSION = 5.0;
				TARGETED_DEVICE_FAMILY = "1,2";
			};
			name = Debug;
		};
		F8742CDB23F4113000805301 /* Release */ = {
			isa = XCBuildConfiguration;
			buildSettings = {
				ASSETCATALOG_COMPILER_APPICON_NAME = AppIcon;
				CODE_SIGN_STYLE = Automatic;
				DEVELOPMENT_TEAM = 69T4QJZPK2;
				INFOPLIST_FILE = PersonalProject/Info.plist;
				LD_RUNPATH_SEARCH_PATHS = (
					"$(inherited)",
					"@executable_path/Frameworks",
				);
				PRODUCT_BUNDLE_IDENTIFIER = com.santosh.PersonalProject;
				PRODUCT_NAME = "$(TARGET_NAME)";
				SWIFT_VERSION = 5.0;
				TARGETED_DEVICE_FAMILY = "1,2";
			};
			name = Release;
		};
		F8742CDD23F4113000805301 /* Debug */ = {
			isa = XCBuildConfiguration;
			buildSettings = {
				ALWAYS_EMBED_SWIFT_STANDARD_LIBRARIES = YES;
				BUNDLE_LOADER = "$(TEST_HOST)";
				CODE_SIGN_STYLE = Automatic;
				DEVELOPMENT_TEAM = 69T4QJZPK2;
				INFOPLIST_FILE = PersonalProjectTests/Info.plist;
				IPHONEOS_DEPLOYMENT_TARGET = 13.2;
				LD_RUNPATH_SEARCH_PATHS = (
					"$(inherited)",
					"@executable_path/Frameworks",
					"@loader_path/Frameworks",
				);
				PRODUCT_BUNDLE_IDENTIFIER = com.santosh.PersonalProjectTests;
				PRODUCT_NAME = "$(TARGET_NAME)";
				SWIFT_VERSION = 5.0;
				TARGETED_DEVICE_FAMILY = "1,2";
				TEST_HOST = "$(BUILT_PRODUCTS_DIR)/PersonalProject.app/PersonalProject";
			};
			name = Debug;
		};
		F8742CDE23F4113000805301 /* Release */ = {
			isa = XCBuildConfiguration;
			buildSettings = {
				ALWAYS_EMBED_SWIFT_STANDARD_LIBRARIES = YES;
				BUNDLE_LOADER = "$(TEST_HOST)";
				CODE_SIGN_STYLE = Automatic;
				DEVELOPMENT_TEAM = 69T4QJZPK2;
				INFOPLIST_FILE = PersonalProjectTests/Info.plist;
				IPHONEOS_DEPLOYMENT_TARGET = 13.2;
				LD_RUNPATH_SEARCH_PATHS = (
					"$(inherited)",
					"@executable_path/Frameworks",
					"@loader_path/Frameworks",
				);
				PRODUCT_BUNDLE_IDENTIFIER = com.santosh.PersonalProjectTests;
				PRODUCT_NAME = "$(TARGET_NAME)";
				SWIFT_VERSION = 5.0;
				TARGETED_DEVICE_FAMILY = "1,2";
				TEST_HOST = "$(BUILT_PRODUCTS_DIR)/PersonalProject.app/PersonalProject";
			};
			name = Release;
		};
		F8742CE023F4113000805301 /* Debug */ = {
			isa = XCBuildConfiguration;
			buildSettings = {
				ALWAYS_EMBED_SWIFT_STANDARD_LIBRARIES = YES;
				CODE_SIGN_STYLE = Automatic;
				DEVELOPMENT_TEAM = 69T4QJZPK2;
				INFOPLIST_FILE = PersonalProjectUITests/Info.plist;
				LD_RUNPATH_SEARCH_PATHS = (
					"$(inherited)",
					"@executable_path/Frameworks",
					"@loader_path/Frameworks",
				);
				PRODUCT_BUNDLE_IDENTIFIER = com.santosh.PersonalProjectUITests;
				PRODUCT_NAME = "$(TARGET_NAME)";
				SWIFT_VERSION = 5.0;
				TARGETED_DEVICE_FAMILY = "1,2";
				TEST_TARGET_NAME = PersonalProject;
			};
			name = Debug;
		};
		F8742CE123F4113000805301 /* Release */ = {
			isa = XCBuildConfiguration;
			buildSettings = {
				ALWAYS_EMBED_SWIFT_STANDARD_LIBRARIES = YES;
				CODE_SIGN_STYLE = Automatic;
				DEVELOPMENT_TEAM = 69T4QJZPK2;
				INFOPLIST_FILE = PersonalProjectUITests/Info.plist;
				LD_RUNPATH_SEARCH_PATHS = (
					"$(inherited)",
					"@executable_path/Frameworks",
					"@loader_path/Frameworks",
				);
				PRODUCT_BUNDLE_IDENTIFIER = com.santosh.PersonalProjectUITests;
				PRODUCT_NAME = "$(TARGET_NAME)";
				SWIFT_VERSION = 5.0;
				TARGETED_DEVICE_FAMILY = "1,2";
				TEST_TARGET_NAME = PersonalProject;
			};
			name = Release;
		};
/* End XCBuildConfiguration section */

/* Begin XCConfigurationList section */
		F8742CAA23F4112D00805301 /* Build configuration list for PBXProject "PersonalProject" */ = {
			isa = XCConfigurationList;
			buildConfigurations = (
				F8742CD723F4113000805301 /* Debug */,
				F8742CD823F4113000805301 /* Release */,
			);
			defaultConfigurationIsVisible = 0;
			defaultConfigurationName = Release;
		};
		F8742CD923F4113000805301 /* Build configuration list for PBXNativeTarget "PersonalProject" */ = {
			isa = XCConfigurationList;
			buildConfigurations = (
				F8742CDA23F4113000805301 /* Debug */,
				F8742CDB23F4113000805301 /* Release */,
			);
			defaultConfigurationIsVisible = 0;
			defaultConfigurationName = Release;
		};
		F8742CDC23F4113000805301 /* Build configuration list for PBXNativeTarget "PersonalProjectTests" */ = {
			isa = XCConfigurationList;
			buildConfigurations = (
				F8742CDD23F4113000805301 /* Debug */,
				F8742CDE23F4113000805301 /* Release */,
			);
			defaultConfigurationIsVisible = 0;
			defaultConfigurationName = Release;
		};
		F8742CDF23F4113000805301 /* Build configuration list for PBXNativeTarget "PersonalProjectUITests" */ = {
			isa = XCConfigurationList;
			buildConfigurations = (
				F8742CE023F4113000805301 /* Debug */,
				F8742CE123F4113000805301 /* Release */,
			);
			defaultConfigurationIsVisible = 0;
			defaultConfigurationName = Release;
		};
/* End XCConfigurationList section */
	};
	rootObject = F8742CA723F4112D00805301 /* Project object */;
}
